
Microsoft Visual Studio Solution File, Format Version 12.00
# Visual Studio 2012
Project("{FAE04EC0-301F-11D3-BF4B-00C04F79EFBC}") = "LocationByZip", "LocationByZip\LocationByZip.csproj", "{75D81BF8-3EA4-47B3-A844-A2F81631CA72}"
EndProject
Project("{FAE04EC0-301F-11D3-BF4B-00C04F79EFBC}") = "LocationByZip.DemoConsoleApp", "LocationByZip.DemoConsoleApp\LocationByZip.DemoConsoleApp.csproj", "{1CE77534-68E7-4F63-B359-7D446F3384E5}"
EndProject
Project("{FAE04EC0-301F-11D3-BF4B-00C04F79EFBC}") = "LocationByZip.IntegrationTests", "LocationByZip.IntegrationTests\LocationByZip.IntegrationTests.csproj", "{6C5FA072-FDE7-4F00-A1D3-5EE6A89A5870}"
EndProject
Project("{FAE04EC0-301F-11D3-BF4B-00C04F79EFBC}") = "LocationByZip.UnitTests", "LocationByZip.UnitTests\LocationByZip.UnitTests.csproj", "{F70FA580-74E6-450D-A746-E17FEA61A1D6}"
EndProject
Global
	GlobalSection(SolutionConfigurationPlatforms) = preSolution
		Debug|Any CPU = Debug|Any CPU
		Debug|Mixed Platforms = Debug|Mixed Platforms
		Debug|x86 = Debug|x86
		Release|Any CPU = Release|Any CPU
		Release|Mixed Platforms = Release|Mixed Platforms
		Release|x86 = Release|x86
	EndGlobalSection
	GlobalSection(ProjectConfigurationPlatforms) = postSolution
		{75D81BF8-3EA4-47B3-A844-A2F81631CA72}.Debug|Any CPU.ActiveCfg = Debug|Any CPU
		{75D81BF8-3EA4-47B3-A844-A2F81631CA72}.Debug|Any CPU.Build.0 = Debug|Any CPU
		{75D81BF8-3EA4-47B3-A844-A2F81631CA72}.Debug|Mixed Platforms.ActiveCfg = Debug|Any CPU
		{75D81BF8-3EA4-47B3-A844-A2F81631CA72}.Debug|Mixed Platforms.Build.0 = Debug|Any CPU
		{75D81BF8-3EA4-47B3-A844-A2F81631CA72}.Debug|x86.ActiveCfg = Debug|Any CPU
		{75D81BF8-3EA4-47B3-A844-A2F81631CA72}.Release|Any CPU.ActiveCfg = Release|Any CPU
		{75D81BF8-3EA4-47B3-A844-A2F81631CA72}.Release|Any CPU.Build.0 = Release|Any CPU
		{75D81BF8-3EA4-47B3-A844-A2F81631CA72}.Release|Mixed Platforms.ActiveCfg = Release|Any CPU
		{75D81BF8-3EA4-47B3-A844-A2F81631CA72}.Release|Mixed Platforms.Build.0 = Release|Any CPU
		{75D81BF8-3EA4-47B3-A844-A2F81631CA72}.Release|x86.ActiveCfg = Release|Any CPU
		{1CE77534-68E7-4F63-B359-7D446F3384E5}.Debug|Any CPU.ActiveCfg = Debug|x86
		{1CE77534-68E7-4F63-B359-7D446F3384E5}.Debug|Mixed Platforms.ActiveCfg = Debug|x86
		{1CE77534-68E7-4F63-B359-7D446F3384E5}.Debug|Mixed Platforms.Build.0 = Debug|x86
		{1CE77534-68E7-4F63-B359-7D446F3384E5}.Debug|x86.ActiveCfg = Debug|x86
		{1CE77534-68E7-4F63-B359-7D446F3384E5}.Debug|x86.Build.0 = Debug|x86
		{1CE77534-68E7-4F63-B359-7D446F3384E5}.Release|Any CPU.ActiveCfg = Release|x86
		{1CE77534-68E7-4F63-B359-7D446F3384E5}.Release|Mixed Platforms.ActiveCfg = Release|x86
		{1CE77534-68E7-4F63-B359-7D446F3384E5}.Release|Mixed Platforms.Build.0 = Release|x86
		{1CE77534-68E7-4F63-B359-7D446F3384E5}.Release|x86.ActiveCfg = Release|x86
		{1CE77534-68E7-4F63-B359-7D446F3384E5}.Release|x86.Build.0 = Release|x86
		{6C5FA072-FDE7-4F00-A1D3-5EE6A89A5870}.Debug|Any CPU.ActiveCfg = Debug|Any CPU
		{6C5FA072-FDE7-4F00-A1D3-5EE6A89A5870}.Debug|Any CPU.Build.0 = Debug|Any CPU
		{6C5FA072-FDE7-4F00-A1D3-5EE6A89A5870}.Debug|Mixed Platforms.ActiveCfg = Debug|Any CPU
		{6C5FA072-FDE7-4F00-A1D3-5EE6A89A5870}.Debug|Mixed Platforms.Build.0 = Debug|Any CPU
		{6C5FA072-FDE7-4F00-A1D3-5EE6A89A5870}.Debug|x86.ActiveCfg = Debug|Any CPU
		{6C5FA072-FDE7-4F00-A1D3-5EE6A89A5870}.Release|Any CPU.ActiveCfg = Release|Any CPU
		{6C5FA072-FDE7-4F00-A1D3-5EE6A89A5870}.Release|Any CPU.Build.0 = Release|Any CPU
		{6C5FA072-FDE7-4F00-A1D3-5EE6A89A5870}.Release|Mixed Platforms.ActiveCfg = Release|Any CPU
		{6C5FA072-FDE7-4F00-A1D3-5EE6A89A5870}.Release|Mixed Platforms.Build.0 = Release|Any CPU
		{6C5FA072-FDE7-4F00-A1D3-5EE6A89A5870}.Release|x86.ActiveCfg = Release|Any CPU
		{F70FA580-74E6-450D-A746-E17FEA61A1D6}.Debug|Any CPU.ActiveCfg = Debug|Any CPU
		{F70FA580-74E6-450D-A746-E17FEA61A1D6}.Debug|Any CPU.Build.0 = Debug|Any CPU
		{F70FA580-74E6-450D-A746-E17FEA61A1D6}.Debug|Mixed Platforms.ActiveCfg = Debug|Any CPU
		{F70FA580-74E6-450D-A746-E17FEA61A1D6}.Debug|Mixed Platforms.Build.0 = Debug|Any CPU
		{F70FA580-74E6-450D-A746-E17FEA61A1D6}.Debug|x86.ActiveCfg = Debug|Any CPU
		{F70FA580-74E6-450D-A746-E17FEA61A1D6}.Release|Any CPU.ActiveCfg = Release|Any CPU
		{F70FA580-74E6-450D-A746-E17FEA61A1D6}.Release|Any CPU.Build.0 = Release|Any CPU
		{F70FA580-74E6-450D-A746-E17FEA61A1D6}.Release|Mixed Platforms.ActiveCfg = Release|Any CPU
		{F70FA580-74E6-450D-A746-E17FEA61A1D6}.Release|Mixed Platforms.Build.0 = Release|Any CPU
		{F70FA580-74E6-450D-A746-E17FEA61A1D6}.Release|x86.ActiveCfg = Release|Any CPU
	EndGlobalSection
	GlobalSection(SolutionProperties) = preSolution
		HideSolutionNode = FALSE
	EndGlobalSection
EndGlobal
